// !$*UTF8*$!
{
	archiveVersion = 1;
	classes = {
	};
	objectVersion = 48;
	objects = {

/* Begin PBXBuildFile section */
		FA380F861FD859A900311342 /* DifficultyViewControllerTest.swift in Sources */ = {isa = PBXBuildFile; fileRef = FA380F851FD859A900311342 /* DifficultyViewControllerTest.swift */; };
		FA45CDEC1FBEE8BC00CCDC1D /* AppDelegate.swift in Sources */ = {isa = PBXBuildFile; fileRef = FA45CDEB1FBEE8BC00CCDC1D /* AppDelegate.swift */; };
		FA45CDF31FBEE8BC00CCDC1D /* Assets.xcassets in Resources */ = {isa = PBXBuildFile; fileRef = FA45CDF21FBEE8BC00CCDC1D /* Assets.xcassets */; };
		FA45CDF61FBEE8BC00CCDC1D /* LaunchScreen.storyboard in Resources */ = {isa = PBXBuildFile; fileRef = FA45CDF41FBEE8BC00CCDC1D /* LaunchScreen.storyboard */; };
		FA45CE0C1FBEF46A00CCDC1D /* CalculationViewControllerTest.swift in Sources */ = {isa = PBXBuildFile; fileRef = FA45CE0B1FBEF46A00CCDC1D /* CalculationViewControllerTest.swift */; };
		FA45CE0E1FBEF5D400CCDC1D /* CalculationViewController.xib in Resources */ = {isa = PBXBuildFile; fileRef = FA45CE0D1FBEF5D400CCDC1D /* CalculationViewController.xib */; };
		FA45CE101FBEF60600CCDC1D /* CalculationViewController.swift in Sources */ = {isa = PBXBuildFile; fileRef = FA45CE0F1FBEF60600CCDC1D /* CalculationViewController.swift */; };
		FA91EE7E1FD5A03800D917A8 /* ResultsViewController.xib in Resources */ = {isa = PBXBuildFile; fileRef = FA91EE7D1FD5A03800D917A8 /* ResultsViewController.xib */; };
		FA92BE171FD6A26B000224B9 /* CorrectAnswerCell.swift in Sources */ = {isa = PBXBuildFile; fileRef = FA92BE161FD6A26B000224B9 /* CorrectAnswerCell.swift */; };
		FA92BE191FD6A7F6000224B9 /* WrongAnswerCell.swift in Sources */ = {isa = PBXBuildFile; fileRef = FA92BE181FD6A7F6000224B9 /* WrongAnswerCell.swift */; };
		FA92BE1B1FD6C452000224B9 /* CorrectAnswerCell.xib in Resources */ = {isa = PBXBuildFile; fileRef = FA92BE1A1FD6C452000224B9 /* CorrectAnswerCell.xib */; };
		FA92BE1D1FD6C4C3000224B9 /* ResultLabel.swift in Sources */ = {isa = PBXBuildFile; fileRef = FA92BE1C1FD6C4C3000224B9 /* ResultLabel.swift */; };
		FA92BE1F1FD6D559000224B9 /* WrongAnswerCell.xib in Resources */ = {isa = PBXBuildFile; fileRef = FA92BE1E1FD6D559000224B9 /* WrongAnswerCell.xib */; };
		FA92BE211FD6DE16000224B9 /* PresentableAnswer.swift in Sources */ = {isa = PBXBuildFile; fileRef = FA92BE201FD6DE16000224B9 /* PresentableAnswer.swift */; };
		FA92BE231FD6DE4D000224B9 /* UITableViewExtension.swift in Sources */ = {isa = PBXBuildFile; fileRef = FA92BE221FD6DE4D000224B9 /* UITableViewExtension.swift */; };
		FACF8FF11FBF293500688000 /* AnswerValidatorTest.swift in Sources */ = {isa = PBXBuildFile; fileRef = FACF8FF01FBF293500688000 /* AnswerValidatorTest.swift */; };
		FACF8FF51FBF49FC00688000 /* ResultsViewControllerTest.swift in Sources */ = {isa = PBXBuildFile; fileRef = FACF8FF41FBF49FC00688000 /* ResultsViewControllerTest.swift */; };
		FACF8FF71FBF4A8F00688000 /* ResultsViewController.swift in Sources */ = {isa = PBXBuildFile; fileRef = FACF8FF61FBF4A8F00688000 /* ResultsViewController.swift */; };
/* End PBXBuildFile section */

/* Begin PBXContainerItemProxy section */
		FA45CDFD1FBEE8BC00CCDC1D /* PBXContainerItemProxy */ = {
			isa = PBXContainerItemProxy;
			containerPortal = FA45CDE01FBEE8BC00CCDC1D /* Project object */;
			proxyType = 1;
			remoteGlobalIDString = FA45CDE71FBEE8BC00CCDC1D;
			remoteInfo = MathPower;
		};
/* End PBXContainerItemProxy section */

/* Begin PBXFileReference section */
		FA380F851FD859A900311342 /* DifficultyViewControllerTest.swift */ = {isa = PBXFileReference; lastKnownFileType = sourcecode.swift; path = DifficultyViewControllerTest.swift; sourceTree = "<group>"; };
		FA45CDE81FBEE8BC00CCDC1D /* MathPower.app */ = {isa = PBXFileReference; explicitFileType = wrapper.application; includeInIndex = 0; path = MathPower.app; sourceTree = BUILT_PRODUCTS_DIR; };
		FA45CDEB1FBEE8BC00CCDC1D /* AppDelegate.swift */ = {isa = PBXFileReference; lastKnownFileType = sourcecode.swift; path = AppDelegate.swift; sourceTree = "<group>"; };
		FA45CDF21FBEE8BC00CCDC1D /* Assets.xcassets */ = {isa = PBXFileReference; lastKnownFileType = folder.assetcatalog; path = Assets.xcassets; sourceTree = "<group>"; };
		FA45CDF51FBEE8BC00CCDC1D /* Base */ = {isa = PBXFileReference; lastKnownFileType = file.storyboard; name = Base; path = Base.lproj/LaunchScreen.storyboard; sourceTree = "<group>"; };
		FA45CDF71FBEE8BC00CCDC1D /* Info.plist */ = {isa = PBXFileReference; lastKnownFileType = text.plist.xml; path = Info.plist; sourceTree = "<group>"; };
		FA45CDFC1FBEE8BC00CCDC1D /* MathPowerTests.xctest */ = {isa = PBXFileReference; explicitFileType = wrapper.cfbundle; includeInIndex = 0; path = MathPowerTests.xctest; sourceTree = BUILT_PRODUCTS_DIR; };
		FA45CE021FBEE8BC00CCDC1D /* Info.plist */ = {isa = PBXFileReference; lastKnownFileType = text.plist.xml; path = Info.plist; sourceTree = "<group>"; };
		FA45CE0B1FBEF46A00CCDC1D /* CalculationViewControllerTest.swift */ = {isa = PBXFileReference; lastKnownFileType = sourcecode.swift; path = CalculationViewControllerTest.swift; sourceTree = "<group>"; };
		FA45CE0D1FBEF5D400CCDC1D /* CalculationViewController.xib */ = {isa = PBXFileReference; lastKnownFileType = file.xib; path = CalculationViewController.xib; sourceTree = "<group>"; };
		FA45CE0F1FBEF60600CCDC1D /* CalculationViewController.swift */ = {isa = PBXFileReference; lastKnownFileType = sourcecode.swift; path = CalculationViewController.swift; sourceTree = "<group>"; };
		FA91EE7D1FD5A03800D917A8 /* ResultsViewController.xib */ = {isa = PBXFileReference; lastKnownFileType = file.xib; path = ResultsViewController.xib; sourceTree = "<group>"; };
		FA92BE161FD6A26B000224B9 /* CorrectAnswerCell.swift */ = {isa = PBXFileReference; lastKnownFileType = sourcecode.swift; path = CorrectAnswerCell.swift; sourceTree = "<group>"; };
		FA92BE181FD6A7F6000224B9 /* WrongAnswerCell.swift */ = {isa = PBXFileReference; lastKnownFileType = sourcecode.swift; path = WrongAnswerCell.swift; sourceTree = "<group>"; };
		FA92BE1A1FD6C452000224B9 /* CorrectAnswerCell.xib */ = {isa = PBXFileReference; lastKnownFileType = file.xib; path = CorrectAnswerCell.xib; sourceTree = "<group>"; };
		FA92BE1C1FD6C4C3000224B9 /* ResultLabel.swift */ = {isa = PBXFileReference; lastKnownFileType = sourcecode.swift; path = ResultLabel.swift; sourceTree = "<group>"; };
		FA92BE1E1FD6D559000224B9 /* WrongAnswerCell.xib */ = {isa = PBXFileReference; lastKnownFileType = file.xib; path = WrongAnswerCell.xib; sourceTree = "<group>"; };
		FA92BE201FD6DE16000224B9 /* PresentableAnswer.swift */ = {isa = PBXFileReference; lastKnownFileType = sourcecode.swift; path = PresentableAnswer.swift; sourceTree = "<group>"; };
		FA92BE221FD6DE4D000224B9 /* UITableViewExtension.swift */ = {isa = PBXFileReference; lastKnownFileType = sourcecode.swift; path = UITableViewExtension.swift; sourceTree = "<group>"; };
		FACF8FF01FBF293500688000 /* AnswerValidatorTest.swift */ = {isa = PBXFileReference; lastKnownFileType = sourcecode.swift; path = AnswerValidatorTest.swift; sourceTree = "<group>"; };
		FACF8FF41FBF49FC00688000 /* ResultsViewControllerTest.swift */ = {isa = PBXFileReference; lastKnownFileType = sourcecode.swift; path = ResultsViewControllerTest.swift; sourceTree = "<group>"; };
		FACF8FF61FBF4A8F00688000 /* ResultsViewController.swift */ = {isa = PBXFileReference; lastKnownFileType = sourcecode.swift; path = ResultsViewController.swift; sourceTree = "<group>"; };
/* End PBXFileReference section */

/* Begin PBXFrameworksBuildPhase section */
		FA45CDE51FBEE8BC00CCDC1D /* Frameworks */ = {
			isa = PBXFrameworksBuildPhase;
			buildActionMask = 2147483647;
			files = (
			);
			runOnlyForDeploymentPostprocessing = 0;
		};
		FA45CDF91FBEE8BC00CCDC1D /* Frameworks */ = {
			isa = PBXFrameworksBuildPhase;
			buildActionMask = 2147483647;
			files = (
			);
			runOnlyForDeploymentPostprocessing = 0;
		};
/* End PBXFrameworksBuildPhase section */

/* Begin PBXGroup section */
		FA45CDDF1FBEE8BC00CCDC1D = {
			isa = PBXGroup;
			children = (
				FA45CDEA1FBEE8BC00CCDC1D /* MathPower */,
				FA45CDFF1FBEE8BC00CCDC1D /* MathPowerTests */,
				FA45CDE91FBEE8BC00CCDC1D /* Products */,
			);
			sourceTree = "<group>";
		};
		FA45CDE91FBEE8BC00CCDC1D /* Products */ = {
			isa = PBXGroup;
			children = (
				FA45CDE81FBEE8BC00CCDC1D /* MathPower.app */,
				FA45CDFC1FBEE8BC00CCDC1D /* MathPowerTests.xctest */,
			);
			name = Products;
			sourceTree = "<group>";
		};
		FA45CDEA1FBEE8BC00CCDC1D /* MathPower */ = {
			isa = PBXGroup;
			children = (
				FA45CDEB1FBEE8BC00CCDC1D /* AppDelegate.swift */,
				FA45CDF21FBEE8BC00CCDC1D /* Assets.xcassets */,
				FA45CDF41FBEE8BC00CCDC1D /* LaunchScreen.storyboard */,
				FA45CDF71FBEE8BC00CCDC1D /* Info.plist */,
				FA45CE0D1FBEF5D400CCDC1D /* CalculationViewController.xib */,
				FA45CE0F1FBEF60600CCDC1D /* CalculationViewController.swift */,
				FACF8FF61FBF4A8F00688000 /* ResultsViewController.swift */,
				FA91EE7D1FD5A03800D917A8 /* ResultsViewController.xib */,
				FA92BE161FD6A26B000224B9 /* CorrectAnswerCell.swift */,
				FA92BE181FD6A7F6000224B9 /* WrongAnswerCell.swift */,
				FA92BE1A1FD6C452000224B9 /* CorrectAnswerCell.xib */,
				FA92BE1C1FD6C4C3000224B9 /* ResultLabel.swift */,
				FA92BE1E1FD6D559000224B9 /* WrongAnswerCell.xib */,
				FA92BE201FD6DE16000224B9 /* PresentableAnswer.swift */,
				FA92BE221FD6DE4D000224B9 /* UITableViewExtension.swift */,
			);
			path = MathPower;
			sourceTree = "<group>";
		};
		FA45CDFF1FBEE8BC00CCDC1D /* MathPowerTests */ = {
			isa = PBXGroup;
			children = (
				FA45CE021FBEE8BC00CCDC1D /* Info.plist */,
				FA45CE0B1FBEF46A00CCDC1D /* CalculationViewControllerTest.swift */,
				FACF8FF01FBF293500688000 /* AnswerValidatorTest.swift */,
				FACF8FF41FBF49FC00688000 /* ResultsViewControllerTest.swift */,
				FA380F851FD859A900311342 /* DifficultyViewControllerTest.swift */,
			);
			path = MathPowerTests;
			sourceTree = "<group>";
		};
/* End PBXGroup section */

/* Begin PBXNativeTarget section */
		FA45CDE71FBEE8BC00CCDC1D /* MathPower */ = {
			isa = PBXNativeTarget;
			buildConfigurationList = FA45CE051FBEE8BC00CCDC1D /* Build configuration list for PBXNativeTarget "MathPower" */;
			buildPhases = (
				FA45CDE41FBEE8BC00CCDC1D /* Sources */,
				FA45CDE51FBEE8BC00CCDC1D /* Frameworks */,
				FA45CDE61FBEE8BC00CCDC1D /* Resources */,
			);
			buildRules = (
			);
			dependencies = (
			);
			name = MathPower;
			productName = MathPower;
			productReference = FA45CDE81FBEE8BC00CCDC1D /* MathPower.app */;
			productType = "com.apple.product-type.application";
		};
		FA45CDFB1FBEE8BC00CCDC1D /* MathPowerTests */ = {
			isa = PBXNativeTarget;
			buildConfigurationList = FA45CE081FBEE8BC00CCDC1D /* Build configuration list for PBXNativeTarget "MathPowerTests" */;
			buildPhases = (
				FA45CDF81FBEE8BC00CCDC1D /* Sources */,
				FA45CDF91FBEE8BC00CCDC1D /* Frameworks */,
				FA45CDFA1FBEE8BC00CCDC1D /* Resources */,
			);
			buildRules = (
			);
			dependencies = (
				FA45CDFE1FBEE8BC00CCDC1D /* PBXTargetDependency */,
			);
			name = MathPowerTests;
			productName = MathPowerTests;
			productReference = FA45CDFC1FBEE8BC00CCDC1D /* MathPowerTests.xctest */;
			productType = "com.apple.product-type.bundle.unit-test";
		};
/* End PBXNativeTarget section */

/* Begin PBXProject section */
		FA45CDE01FBEE8BC00CCDC1D /* Project object */ = {
			isa = PBXProject;
			attributes = {
				LastSwiftUpdateCheck = 0910;
				LastUpgradeCheck = 0910;
				ORGANIZATIONNAME = "Sigma Software";
				TargetAttributes = {
					FA45CDE71FBEE8BC00CCDC1D = {
						CreatedOnToolsVersion = 9.1;
						ProvisioningStyle = Automatic;
					};
					FA45CDFB1FBEE8BC00CCDC1D = {
						CreatedOnToolsVersion = 9.1;
						LastSwiftMigration = 0910;
						ProvisioningStyle = Automatic;
						TestTargetID = FA45CDE71FBEE8BC00CCDC1D;
					};
				};
			};
			buildConfigurationList = FA45CDE31FBEE8BC00CCDC1D /* Build configuration list for PBXProject "MathPower" */;
			compatibilityVersion = "Xcode 8.0";
			developmentRegion = en;
			hasScannedForEncodings = 0;
			knownRegions = (
				en,
				Base,
			);
			mainGroup = FA45CDDF1FBEE8BC00CCDC1D;
			productRefGroup = FA45CDE91FBEE8BC00CCDC1D /* Products */;
			projectDirPath = "";
			projectRoot = "";
			targets = (
				FA45CDE71FBEE8BC00CCDC1D /* MathPower */,
				FA45CDFB1FBEE8BC00CCDC1D /* MathPowerTests */,
			);
		};
/* End PBXProject section */

/* Begin PBXResourcesBuildPhase section */
		FA45CDE61FBEE8BC00CCDC1D /* Resources */ = {
			isa = PBXResourcesBuildPhase;
			buildActionMask = 2147483647;
			files = (
				FA45CE0E1FBEF5D400CCDC1D /* CalculationViewController.xib in Resources */,
				FA92BE1F1FD6D559000224B9 /* WrongAnswerCell.xib in Resources */,
				FA45CDF61FBEE8BC00CCDC1D /* LaunchScreen.storyboard in Resources */,
				FA45CDF31FBEE8BC00CCDC1D /* Assets.xcassets in Resources */,
				FA92BE1B1FD6C452000224B9 /* CorrectAnswerCell.xib in Resources */,
				FA91EE7E1FD5A03800D917A8 /* ResultsViewController.xib in Resources */,
			);
			runOnlyForDeploymentPostprocessing = 0;
		};
		FA45CDFA1FBEE8BC00CCDC1D /* Resources */ = {
			isa = PBXResourcesBuildPhase;
			buildActionMask = 2147483647;
			files = (
			);
			runOnlyForDeploymentPostprocessing = 0;
		};
/* End PBXResourcesBuildPhase section */

/* Begin PBXSourcesBuildPhase section */
		FA45CDE41FBEE8BC00CCDC1D /* Sources */ = {
			isa = PBXSourcesBuildPhase;
			buildActionMask = 2147483647;
			files = (
				FA92BE191FD6A7F6000224B9 /* WrongAnswerCell.swift in Sources */,
				FA92BE171FD6A26B000224B9 /* CorrectAnswerCell.swift in Sources */,
				FA45CE101FBEF60600CCDC1D /* CalculationViewController.swift in Sources */,
				FA92BE231FD6DE4D000224B9 /* UITableViewExtension.swift in Sources */,
				FA92BE211FD6DE16000224B9 /* PresentableAnswer.swift in Sources */,
				FA92BE1D1FD6C4C3000224B9 /* ResultLabel.swift in Sources */,
				FA45CDEC1FBEE8BC00CCDC1D /* AppDelegate.swift in Sources */,
				FACF8FF71FBF4A8F00688000 /* ResultsViewController.swift in Sources */,
			);
			runOnlyForDeploymentPostprocessing = 0;
		};
		FA45CDF81FBEE8BC00CCDC1D /* Sources */ = {
			isa = PBXSourcesBuildPhase;
			buildActionMask = 2147483647;
			files = (
				FACF8FF11FBF293500688000 /* AnswerValidatorTest.swift in Sources */,
				FA45CE0C1FBEF46A00CCDC1D /* CalculationViewControllerTest.swift in Sources */,
				FACF8FF51FBF49FC00688000 /* ResultsViewControllerTest.swift in Sources */,
				FA380F861FD859A900311342 /* DifficultyViewControllerTest.swift in Sources */,
			);
			runOnlyForDeploymentPostprocessing = 0;
		};
/* End PBXSourcesBuildPhase section */

/* Begin PBXTargetDependency section */
		FA45CDFE1FBEE8BC00CCDC1D /* PBXTargetDependency */ = {
			isa = PBXTargetDependency;
			target = FA45CDE71FBEE8BC00CCDC1D /* MathPower */;
			targetProxy = FA45CDFD1FBEE8BC00CCDC1D /* PBXContainerItemProxy */;
		};
/* End PBXTargetDependency section */

/* Begin PBXVariantGroup section */
		FA45CDF41FBEE8BC00CCDC1D /* LaunchScreen.storyboard */ = {
			isa = PBXVariantGroup;
			children = (
				FA45CDF51FBEE8BC00CCDC1D /* Base */,
			);
			name = LaunchScreen.storyboard;
			sourceTree = "<group>";
		};
/* End PBXVariantGroup section */

/* Begin XCBuildConfiguration section */
		FA45CE031FBEE8BC00CCDC1D /* Debug */ = {
			isa = XCBuildConfiguration;
			buildSettings = {
				ALWAYS_SEARCH_USER_PATHS = NO;
				CLANG_ANALYZER_NONNULL = YES;
				CLANG_ANALYZER_NUMBER_OBJECT_CONVERSION = YES_AGGRESSIVE;
				CLANG_CXX_LANGUAGE_STANDARD = "gnu++14";
				CLANG_CXX_LIBRARY = "libc++";
				CLANG_ENABLE_MODULES = YES;
				CLANG_ENABLE_OBJC_ARC = YES;
				CLANG_WARN_BLOCK_CAPTURE_AUTORELEASING = YES;
				CLANG_WARN_BOOL_CONVERSION = YES;
				CLANG_WARN_COMMA = YES;
				CLANG_WARN_CONSTANT_CONVERSION = YES;
				CLANG_WARN_DIRECT_OBJC_ISA_USAGE = YES_ERROR;
				CLANG_WARN_DOCUMENTATION_COMMENTS = YES;
				CLANG_WARN_EMPTY_BODY = YES;
				CLANG_WARN_ENUM_CONVERSION = YES;
				CLANG_WARN_INFINITE_RECURSION = YES;
				CLANG_WARN_INT_CONVERSION = YES;
				CLANG_WARN_NON_LITERAL_NULL_CONVERSION = YES;
				CLANG_WARN_OBJC_LITERAL_CONVERSION = YES;
				CLANG_WARN_OBJC_ROOT_CLASS = YES_ERROR;
				CLANG_WARN_RANGE_LOOP_ANALYSIS = YES;
				CLANG_WARN_STRICT_PROTOTYPES = YES;
				CLANG_WARN_SUSPICIOUS_MOVE = YES;
				CLANG_WARN_UNGUARDED_AVAILABILITY = YES_AGGRESSIVE;
				CLANG_WARN_UNREACHABLE_CODE = YES;
				CLANG_WARN__DUPLICATE_METHOD_MATCH = YES;
				CODE_SIGN_IDENTITY = "iPhone Developer";
				COPY_PHASE_STRIP = NO;
				DEBUG_INFORMATION_FORMAT = dwarf;
				ENABLE_STRICT_OBJC_MSGSEND = YES;
				ENABLE_TESTABILITY = YES;
				GCC_C_LANGUAGE_STANDARD = gnu11;
				GCC_DYNAMIC_NO_PIC = NO;
				GCC_NO_COMMON_BLOCKS = YES;
				GCC_OPTIMIZATION_LEVEL = 0;
				GCC_PREPROCESSOR_DEFINITIONS = (
					"DEBUG=1",
					"$(inherited)",
				);
				GCC_WARN_64_TO_32_BIT_CONVERSION = YES;
				GCC_WARN_ABOUT_RETURN_TYPE = YES_ERROR;
				GCC_WARN_UNDECLARED_SELECTOR = YES;
				GCC_WARN_UNINITIALIZED_AUTOS = YES_AGGRESSIVE;
				GCC_WARN_UNUSED_FUNCTION = YES;
				GCC_WARN_UNUSED_VARIABLE = YES;
				IPHONEOS_DEPLOYMENT_TARGET = 11.1;
				MTL_ENABLE_DEBUG_INFO = YES;
				ONLY_ACTIVE_ARCH = YES;
				SDKROOT = iphoneos;
				SWIFT_ACTIVE_COMPILATION_CONDITIONS = DEBUG;
				SWIFT_OPTIMIZATION_LEVEL = "-Onone";
			};
			name = Debug;
		};
		FA45CE041FBEE8BC00CCDC1D /* Release */ = {
			isa = XCBuildConfiguration;
			buildSettings = {
				ALWAYS_SEARCH_USER_PATHS = NO;
				CLANG_ANALYZER_NONNULL = YES;
				CLANG_ANALYZER_NUMBER_OBJECT_CONVERSION = YES_AGGRESSIVE;
				CLANG_CXX_LANGUAGE_STANDARD = "gnu++14";
				CLANG_CXX_LIBRARY = "libc++";
				CLANG_ENABLE_MODULES = YES;
				CLANG_ENABLE_OBJC_ARC = YES;
				CLANG_WARN_BLOCK_CAPTURE_AUTORELEASING = YES;
				CLANG_WARN_BOOL_CONVERSION = YES;
				CLANG_WARN_COMMA = YES;
				CLANG_WARN_CONSTANT_CONVERSION = YES;
				CLANG_WARN_DIRECT_OBJC_ISA_USAGE = YES_ERROR;
				CLANG_WARN_DOCUMENTATION_COMMENTS = YES;
				CLANG_WARN_EMPTY_BODY = YES;
				CLANG_WARN_ENUM_CONVERSION = YES;
				CLANG_WARN_INFINITE_RECURSION = YES;
				CLANG_WARN_INT_CONVERSION = YES;
				CLANG_WARN_NON_LITERAL_NULL_CONVERSION = YES;
				CLANG_WARN_OBJC_LITERAL_CONVERSION = YES;
				CLANG_WARN_OBJC_ROOT_CLASS = YES_ERROR;
				CLANG_WARN_RANGE_LOOP_ANALYSIS = YES;
				CLANG_WARN_STRICT_PROTOTYPES = YES;
				CLANG_WARN_SUSPICIOUS_MOVE = YES;
				CLANG_WARN_UNGUARDED_AVAILABILITY = YES_AGGRESSIVE;
				CLANG_WARN_UNREACHABLE_CODE = YES;
				CLANG_WARN__DUPLICATE_METHOD_MATCH = YES;
				CODE_SIGN_IDENTITY = "iPhone Developer";
				COPY_PHASE_STRIP = NO;
				DEBUG_INFORMATION_FORMAT = "dwarf-with-dsym";
				ENABLE_NS_ASSERTIONS = NO;
				ENABLE_STRICT_OBJC_MSGSEND = YES;
				GCC_C_LANGUAGE_STANDARD = gnu11;
				GCC_NO_COMMON_BLOCKS = YES;
				GCC_WARN_64_TO_32_BIT_CONVERSION = YES;
				GCC_WARN_ABOUT_RETURN_TYPE = YES_ERROR;
				GCC_WARN_UNDECLARED_SELECTOR = YES;
				GCC_WARN_UNINITIALIZED_AUTOS = YES_AGGRESSIVE;
				GCC_WARN_UNUSED_FUNCTION = YES;
				GCC_WARN_UNUSED_VARIABLE = YES;
				IPHONEOS_DEPLOYMENT_TARGET = 11.1;
				MTL_ENABLE_DEBUG_INFO = NO;
				SDKROOT = iphoneos;
				SWIFT_OPTIMIZATION_LEVEL = "-Owholemodule";
				VALIDATE_PRODUCT = YES;
			};
			name = Release;
		};
		FA45CE061FBEE8BC00CCDC1D /* Debug */ = {
			isa = XCBuildConfiguration;
			buildSettings = {
				ASSETCATALOG_COMPILER_APPICON_NAME = AppIcon;
				CODE_SIGN_STYLE = Automatic;
				DEVELOPMENT_TEAM = 4VGC6AR5XL;
				INFOPLIST_FILE = MathPower/Info.plist;
				LD_RUNPATH_SEARCH_PATHS = "$(inherited) @executable_path/Frameworks";
				PRODUCT_BUNDLE_IDENTIFIER = com.sigmasoftware.MathPower;
				PRODUCT_NAME = "$(TARGET_NAME)";
				SWIFT_VERSION = 4.0;
				TARGETED_DEVICE_FAMILY = "1,2";
			};
			name = Debug;
		};
		FA45CE071FBEE8BC00CCDC1D /* Release */ = {
			isa = XCBuildConfiguration;
			buildSettings = {
				ASSETCATALOG_COMPILER_APPICON_NAME = AppIcon;
				CODE_SIGN_STYLE = Automatic;
				DEVELOPMENT_TEAM = 4VGC6AR5XL;
				INFOPLIST_FILE = MathPower/Info.plist;
				LD_RUNPATH_SEARCH_PATHS = "$(inherited) @executable_path/Frameworks";
				PRODUCT_BUNDLE_IDENTIFIER = com.sigmasoftware.MathPower;
				PRODUCT_NAME = "$(TARGET_NAME)";
				SWIFT_VERSION = 4.0;
				TARGETED_DEVICE_FAMILY = "1,2";
			};
			name = Release;
		};
		FA45CE091FBEE8BC00CCDC1D /* Debug */ = {
			isa = XCBuildConfiguration;
			buildSettings = {
				ALWAYS_EMBED_SWIFT_STANDARD_LIBRARIES = YES;
				BUNDLE_LOADER = "$(TEST_HOST)";
				CLANG_ENABLE_MODULES = YES;
				CODE_SIGN_STYLE = Automatic;
				DEVELOPMENT_TEAM = 4VGC6AR5XL;
				INFOPLIST_FILE = MathPowerTests/Info.plist;
				LD_RUNPATH_SEARCH_PATHS = "$(inherited) @executable_path/Frameworks @loader_path/Frameworks";
				PRODUCT_BUNDLE_IDENTIFIER = com.sigmasoftware.MathPowerTests;
				PRODUCT_NAME = "$(TARGET_NAME)";
				SWIFT_OPTIMIZATION_LEVEL = "-Onone";
				SWIFT_VERSION = 4.0;
				TARGETED_DEVICE_FAMILY = "1,2";
				TEST_HOST = "$(BUILT_PRODUCTS_DIR)/MathPower.app/MathPower";
			};
			name = Debug;
		};
		FA45CE0A1FBEE8BC00CCDC1D /* Release */ = {
			isa = XCBuildConfiguration;
			buildSettings = {
				ALWAYS_EMBED_SWIFT_STANDARD_LIBRARIES = YES;
				BUNDLE_LOADER = "$(TEST_HOST)";
				CLANG_ENABLE_MODULES = YES;
				CODE_SIGN_STYLE = Automatic;
				DEVELOPMENT_TEAM = 4VGC6AR5XL;
				INFOPLIST_FILE = MathPowerTests/Info.plist;
				LD_RUNPATH_SEARCH_PATHS = "$(inherited) @executable_path/Frameworks @loader_path/Frameworks";
				PRODUCT_BUNDLE_IDENTIFIER = com.sigmasoftware.MathPowerTests;
				PRODUCT_NAME = "$(TARGET_NAME)";
				SWIFT_VERSION = 4.0;
				TARGETED_DEVICE_FAMILY = "1,2";
				TEST_HOST = "$(BUILT_PRODUCTS_DIR)/MathPower.app/MathPower";
			};
			name = Release;
		};
/* End XCBuildConfiguration section */

/* Begin XCConfigurationList section */
		FA45CDE31FBEE8BC00CCDC1D /* Build configuration list for PBXProject "MathPower" */ = {
			isa = XCConfigurationList;
			buildConfigurations = (
				FA45CE031FBEE8BC00CCDC1D /* Debug */,
				FA45CE041FBEE8BC00CCDC1D /* Release */,
			);
			defaultConfigurationIsVisible = 0;
			defaultConfigurationName = Release;
		};
		FA45CE051FBEE8BC00CCDC1D /* Build configuration list for PBXNativeTarget "MathPower" */ = {
			isa = XCConfigurationList;
			buildConfigurations = (
				FA45CE061FBEE8BC00CCDC1D /* Debug */,
				FA45CE071FBEE8BC00CCDC1D /* Release */,
			);
			defaultConfigurationIsVisible = 0;
			defaultConfigurationName = Release;
		};
		FA45CE081FBEE8BC00CCDC1D /* Build configuration list for PBXNativeTarget "MathPowerTests" */ = {
			isa = XCConfigurationList;
			buildConfigurations = (
				FA45CE091FBEE8BC00CCDC1D /* Debug */,
				FA45CE0A1FBEE8BC00CCDC1D /* Release */,
			);
			defaultConfigurationIsVisible = 0;
			defaultConfigurationName = Release;
		};
/* End XCConfigurationList section */
	};
	rootObject = FA45CDE01FBEE8BC00CCDC1D /* Project object */;
}
